
Microsoft Visual Studio Solution File, Format Version 12.00
# Visual Studio Version 16
VisualStudioVersion = 16.0.32106.194
MinimumVisualStudioVersion = 10.0.40219.1
Project("{8BC9CEB8-8B4A-11D0-8D11-00A0C91BC942}") = "SoftQA_Chupinin_11", "SoftQA_Chupinin_11\SoftQA_Chupinin_11.vcxproj", "{C51629F5-43B5-4836-B9D5-A30521A1250A}"
EndProject
Project("{8BC9CEB8-8B4A-11D0-8D11-00A0C91BC942}") = "isOperator_Test", "isOperator_Test\isOperator_Test.vcxproj", "{1692133E-2090-4E94-B7B2-0B61D6EDEB98}"
EndProject
Project("{8BC9CEB8-8B4A-11D0-8D11-00A0C91BC942}") = "isGreekLetter_Test", "isGreekLetter_Test\isGreekLetter_Test.vcxproj", "{226D7CE3-03E4-4856-A077-1090C910E300}"
EndProject
Project("{8BC9CEB8-8B4A-11D0-8D11-00A0C91BC942}") = "isVar_Test", "isVar_Test\isVar_Test.vcxproj", "{AB51A491-914D-453E-90A0-EFEDFE1BBAF3}"
EndProject
Project("{8BC9CEB8-8B4A-11D0-8D11-00A0C91BC942}") = "getPriorityOfOperator_Test", "getPriorityOfOperator_Test\getPriorityOfOperator_Test.vcxproj", "{A11252C8-3049-4F6B-8B24-206C7D1FA460}"
EndProject
Project("{8BC9CEB8-8B4A-11D0-8D11-00A0C91BC942}") = "isNumber_Test", "isNumber_Test\isNumber_Test.vcxproj", "{71542D39-7219-4B1C-90C0-4B22347793A2}"
EndProject
Project("{8BC9CEB8-8B4A-11D0-8D11-00A0C91BC942}") = "convertOperatorToTex_Test", "convertOperatorToTex_Test\convertOperatorToTex_Test.vcxproj", "{D4BC728E-2C5A-4480-B648-5E0E47B7E86C}"
EndProject
Project("{8BC9CEB8-8B4A-11D0-8D11-00A0C91BC942}") = "ExpressionTree_Test", "ExpressionTree_Test\ExpressionTree_Test.vcxproj", "{E7AB1126-D800-41E0-AFE5-5129B44A5610}"
EndProject
Global
	GlobalSection(SolutionConfigurationPlatforms) = preSolution
		Debug|x64 = Debug|x64
		Debug|x86 = Debug|x86
		Release|x64 = Release|x64
		Release|x86 = Release|x86
	EndGlobalSection
	GlobalSection(ProjectConfigurationPlatforms) = postSolution
		{C51629F5-43B5-4836-B9D5-A30521A1250A}.Debug|x64.ActiveCfg = Debug|x64
		{C51629F5-43B5-4836-B9D5-A30521A1250A}.Debug|x64.Build.0 = Debug|x64
		{C51629F5-43B5-4836-B9D5-A30521A1250A}.Debug|x86.ActiveCfg = Debug|Win32
		{C51629F5-43B5-4836-B9D5-A30521A1250A}.Debug|x86.Build.0 = Debug|Win32
		{C51629F5-43B5-4836-B9D5-A30521A1250A}.Release|x64.ActiveCfg = Release|x64
		{C51629F5-43B5-4836-B9D5-A30521A1250A}.Release|x64.Build.0 = Release|x64
		{C51629F5-43B5-4836-B9D5-A30521A1250A}.Release|x86.ActiveCfg = Release|Win32
		{C51629F5-43B5-4836-B9D5-A30521A1250A}.Release|x86.Build.0 = Release|Win32
		{1692133E-2090-4E94-B7B2-0B61D6EDEB98}.Debug|x64.ActiveCfg = Debug|x64
		{1692133E-2090-4E94-B7B2-0B61D6EDEB98}.Debug|x64.Build.0 = Debug|x64
		{1692133E-2090-4E94-B7B2-0B61D6EDEB98}.Debug|x86.ActiveCfg = Debug|Win32
		{1692133E-2090-4E94-B7B2-0B61D6EDEB98}.Debug|x86.Build.0 = Debug|Win32
		{1692133E-2090-4E94-B7B2-0B61D6EDEB98}.Release|x64.ActiveCfg = Release|x64
		{1692133E-2090-4E94-B7B2-0B61D6EDEB98}.Release|x64.Build.0 = Release|x64
		{1692133E-2090-4E94-B7B2-0B61D6EDEB98}.Release|x86.ActiveCfg = Release|Win32
		{1692133E-2090-4E94-B7B2-0B61D6EDEB98}.Release|x86.Build.0 = Release|Win32
		{226D7CE3-03E4-4856-A077-1090C910E300}.Debug|x64.ActiveCfg = Debug|x64
		{226D7CE3-03E4-4856-A077-1090C910E300}.Debug|x64.Build.0 = Debug|x64
		{226D7CE3-03E4-4856-A077-1090C910E300}.Debug|x86.ActiveCfg = Debug|Win32
		{226D7CE3-03E4-4856-A077-1090C910E300}.Debug|x86.Build.0 = Debug|Win32
		{226D7CE3-03E4-4856-A077-1090C910E300}.Release|x64.ActiveCfg = Release|x64
		{226D7CE3-03E4-4856-A077-1090C910E300}.Release|x64.Build.0 = Release|x64
		{226D7CE3-03E4-4856-A077-1090C910E300}.Release|x86.ActiveCfg = Release|Win32
		{226D7CE3-03E4-4856-A077-1090C910E300}.Release|x86.Build.0 = Release|Win32
		{AB51A491-914D-453E-90A0-EFEDFE1BBAF3}.Debug|x64.ActiveCfg = Debug|x64
		{AB51A491-914D-453E-90A0-EFEDFE1BBAF3}.Debug|x64.Build.0 = Debug|x64
		{AB51A491-914D-453E-90A0-EFEDFE1BBAF3}.Debug|x86.ActiveCfg = Debug|Win32
		{AB51A491-914D-453E-90A0-EFEDFE1BBAF3}.Debug|x86.Build.0 = Debug|Win32
		{AB51A491-914D-453E-90A0-EFEDFE1BBAF3}.Release|x64.ActiveCfg = Release|x64
		{AB51A491-914D-453E-90A0-EFEDFE1BBAF3}.Release|x64.Build.0 = Release|x64
		{AB51A491-914D-453E-90A0-EFEDFE1BBAF3}.Release|x86.ActiveCfg = Release|Win32
		{AB51A491-914D-453E-90A0-EFEDFE1BBAF3}.Release|x86.Build.0 = Release|Win32
		{A11252C8-3049-4F6B-8B24-206C7D1FA460}.Debug|x64.ActiveCfg = Debug|x64
		{A11252C8-3049-4F6B-8B24-206C7D1FA460}.Debug|x64.Build.0 = Debug|x64
		{A11252C8-3049-4F6B-8B24-206C7D1FA460}.Debug|x86.ActiveCfg = Debug|Win32
		{A11252C8-3049-4F6B-8B24-206C7D1FA460}.Debug|x86.Build.0 = Debug|Win32
		{A11252C8-3049-4F6B-8B24-206C7D1FA460}.Release|x64.ActiveCfg = Release|x64
		{A11252C8-3049-4F6B-8B24-206C7D1FA460}.Release|x64.Build.0 = Release|x64
		{A11252C8-3049-4F6B-8B24-206C7D1FA460}.Release|x86.ActiveCfg = Release|Win32
		{A11252C8-3049-4F6B-8B24-206C7D1FA460}.Release|x86.Build.0 = Release|Win32
		{71542D39-7219-4B1C-90C0-4B22347793A2}.Debug|x64.ActiveCfg = Debug|x64
		{71542D39-7219-4B1C-90C0-4B22347793A2}.Debug|x64.Build.0 = Debug|x64
		{71542D39-7219-4B1C-90C0-4B22347793A2}.Debug|x86.ActiveCfg = Debug|Win32
		{71542D39-7219-4B1C-90C0-4B22347793A2}.Debug|x86.Build.0 = Debug|Win32
		{71542D39-7219-4B1C-90C0-4B22347793A2}.Release|x64.ActiveCfg = Release|x64
		{71542D39-7219-4B1C-90C0-4B22347793A2}.Release|x64.Build.0 = Release|x64
		{71542D39-7219-4B1C-90C0-4B22347793A2}.Release|x86.ActiveCfg = Release|Win32
		{71542D39-7219-4B1C-90C0-4B22347793A2}.Release|x86.Build.0 = Release|Win32
		{D4BC728E-2C5A-4480-B648-5E0E47B7E86C}.Debug|x64.ActiveCfg = Debug|x64
		{D4BC728E-2C5A-4480-B648-5E0E47B7E86C}.Debug|x64.Build.0 = Debug|x64
		{D4BC728E-2C5A-4480-B648-5E0E47B7E86C}.Debug|x86.ActiveCfg = Debug|Win32
		{D4BC728E-2C5A-4480-B648-5E0E47B7E86C}.Debug|x86.Build.0 = Debug|Win32
		{D4BC728E-2C5A-4480-B648-5E0E47B7E86C}.Release|x64.ActiveCfg = Release|x64
		{D4BC728E-2C5A-4480-B648-5E0E47B7E86C}.Release|x64.Build.0 = Release|x64
		{D4BC728E-2C5A-4480-B648-5E0E47B7E86C}.Release|x86.ActiveCfg = Release|Win32
		{D4BC728E-2C5A-4480-B648-5E0E47B7E86C}.Release|x86.Build.0 = Release|Win32
		{E7AB1126-D800-41E0-AFE5-5129B44A5610}.Debug|x64.ActiveCfg = Debug|x64
		{E7AB1126-D800-41E0-AFE5-5129B44A5610}.Debug|x64.Build.0 = Debug|x64
		{E7AB1126-D800-41E0-AFE5-5129B44A5610}.Debug|x86.ActiveCfg = Debug|Win32
		{E7AB1126-D800-41E0-AFE5-5129B44A5610}.Debug|x86.Build.0 = Debug|Win32
		{E7AB1126-D800-41E0-AFE5-5129B44A5610}.Release|x64.ActiveCfg = Release|x64
		{E7AB1126-D800-41E0-AFE5-5129B44A5610}.Release|x64.Build.0 = Release|x64
		{E7AB1126-D800-41E0-AFE5-5129B44A5610}.Release|x86.ActiveCfg = Release|Win32
		{E7AB1126-D800-41E0-AFE5-5129B44A5610}.Release|x86.Build.0 = Release|Win32
	EndGlobalSection
	GlobalSection(SolutionProperties) = preSolution
		HideSolutionNode = FALSE
	EndGlobalSection
	GlobalSection(ExtensibilityGlobals) = postSolution
		SolutionGuid = {56804044-7023-4A1D-A00B-53E1A9A0F90C}
	EndGlobalSection
EndGlobal
